<?xml version="1.0" encoding="utf-8"?>
<Project ToolsVersion="4.0" xmlns="http://schemas.microsoft.com/developer/msbuild/2003">
  <ItemGroup>
    <Filter Include="Source Files">
      <UniqueIdentifier>{4FC737F1-C7A5-4376-A066-2A32D752A2FF}</UniqueIdentifier>
      <Extensions>cpp;c;cc;cxx;def;odl;idl;hpj;bat;asm;asmx</Extensions>
    </Filter>
    <Filter Include="Header Files">
      <UniqueIdentifier>{93995380-89BD-4b04-88EB-625FBE52EBFB}</UniqueIdentifier>
      <Extensions>h;hh;hpp;hxx;hm;inl;inc;xsd</Extensions>
    </Filter>
    <Filter Include="Resource Files">
      <UniqueIdentifier>{67DA6AB6-F800-4c08-8B7A-83BB121AAD01}</UniqueIdentifier>
      <Extensions>rc;ico;cur;bmp;dlg;rc2;rct;bin;rgs;gif;jpg;jpeg;jpe;resx;tiff;tif;png;wav;mfcribbon-ms</Extensions>
    </Filter>
  </ItemGroup>
  <ItemGroup>
    <Text Include="ReadMe.txt" />
  </ItemGroup>
  <ItemGroup>
    <ClCompile Include="IlmImfUtil\ImfDeepImage.cpp">
      <Filter>Source Files</Filter>
    </ClCompile>
    <ClCompile Include="IlmImfUtil\ImfDeepImageChannel.cpp">
      <Filter>Source Files</Filter>
    </ClCompile>
    <ClCompile Include="IlmImfUtil\ImfDeepImageIO.cpp">
      <Filter>Source Files</Filter>
    </ClCompile>
    <ClCompile Include="IlmImfUtil\ImfDeepImageLevel.cpp">
      <Filter>Source Files</Filter>
    </ClCompile>
    <ClCompile Include="IlmImfUtil\ImfFlatImage.cpp">
      <Filter>Source Files</Filter>
    </ClCompile>
    <ClCompile Include="IlmImfUtil\ImfFlatImageChannel.cpp">
      <Filter>Source Files</Filter>
    </ClCompile>
    <ClCompile Include="IlmImfUtil\ImfFlatImageIO.cpp">
      <Filter>Source Files</Filter>
    </ClCompile>
    <ClCompile Include="IlmImfUtil\ImfFlatImageLevel.cpp">
      <Filter>Source Files</Filter>
    </ClCompile>
    <ClCompile Include="IlmImfUtil\ImfImage.cpp">
      <Filter>Source Files</Filter>
    </ClCompile>
    <ClCompile Include="IlmImfUtil\ImfImageChannel.cpp">
      <Filter>Source Files</Filter>
    </ClCompile>
    <ClCompile Include="IlmImfUtil\ImfImageDataWindow.cpp">
      <Filter>Source Files</Filter>
    </ClCompile>
    <ClCompile Include="IlmImfUtil\ImfImageIO.cpp">
      <Filter>Source Files</Filter>
    </ClCompile>
    <ClCompile Include="IlmImfUtil\ImfImageLevel.cpp">
      <Filter>Source Files</Filter>
    </ClCompile>
    <ClCompile Include="IlmImfUtil\ImfSampleCountChannel.cpp">
      <Filter>Source Files</Filter>
    </ClCompile>
    <ClCompile Include="IlmImf\ImfRleCompressor.cpp">
      <Filter>Source Files</Filter>
    </ClCompile>
    <ClCompile Include="IlmImf\ImfStandardAttributes.cpp">
      <Filter>Source Files</Filter>
    </ClCompile>
    <ClCompile Include="IlmImf\ImfStringVectorAttribute.cpp">
      <Filter>Source Files</Filter>
    </ClCompile>
    <ClCompile Include="IlmImf\ImfSystemSpecific.cpp">
      <Filter>Source Files</Filter>
    </ClCompile>
    <ClCompile Include="IlmImf\ImfTestFile.cpp">
      <Filter>Source Files</Filter>
    </ClCompile>
    <ClCompile Include="IlmImf\ImfTiledMisc.cpp">
      <Filter>Source Files</Filter>
    </ClCompile>
    <ClCompile Include="IlmImf\ImfTiledOutputFile.cpp">
      <Filter>Source Files</Filter>
    </ClCompile>
    <ClCompile Include="IlmImf\ImfZip.cpp">
      <Filter>Source Files</Filter>
    </ClCompile>
    <ClCompile Include="IlmImf\ImfZipCompressor.cpp">
      <Filter>Source Files</Filter>
    </ClCompile>
    <ClCompile Include="IexMath\IexMathFpu.cpp">
      <Filter>Source Files</Filter>
    </ClCompile>
    <ClCompile Include="IlmImf\ImfAcesFile.cpp">
      <Filter>Source Files</Filter>
    </ClCompile>
    <ClCompile Include="IlmImf\ImfCompressor.cpp">
      <Filter>Source Files</Filter>
    </ClCompile>
    <ClCompile Include="IlmImf\ImfDeepScanLineInputFile.cpp">
      <Filter>Source Files</Filter>
    </ClCompile>
    <ClCompile Include="IlmImf\ImfDeepScanLineOutputFile.cpp">
      <Filter>Source Files</Filter>
    </ClCompile>
    <ClCompile Include="IlmImf\ImfDeepTiledInputFile.cpp">
      <Filter>Source Files</Filter>
    </ClCompile>
    <ClCompile Include="IlmImf\ImfDeepTiledOutputFile.cpp">
      <Filter>Source Files</Filter>
    </ClCompile>
    <ClCompile Include="IlmImf\ImfDwaCompressor.cpp">
      <Filter>Source Files</Filter>
    </ClCompile>
    <ClCompile Include="IlmImf\ImfFastHuf.cpp">
      <Filter>Source Files</Filter>
    </ClCompile>
    <ClCompile Include="IlmImf\ImfFloatVectorAttribute.cpp">
      <Filter>Source Files</Filter>
    </ClCompile>
    <ClCompile Include="IlmImf\ImfHeader.cpp">
      <Filter>Source Files</Filter>
    </ClCompile>
    <ClCompile Include="IlmImf\ImfHuf.cpp">
      <Filter>Source Files</Filter>
    </ClCompile>
    <ClCompile Include="IlmImf\ImfMisc.cpp">
      <Filter>Source Files</Filter>
    </ClCompile>
    <ClCompile Include="IlmImf\ImfMultiPartInputFile.cpp">
      <Filter>Source Files</Filter>
    </ClCompile>
    <ClCompile Include="IlmImf\ImfOutputFile.cpp">
      <Filter>Source Files</Filter>
    </ClCompile>
    <ClCompile Include="IlmImf\ImfRle.cpp">
      <Filter>Source Files</Filter>
    </ClCompile>
    <ClCompile Include="IlmImf\ImfPizCompressor.cpp">
      <Filter>Source Files</Filter>
    </ClCompile>
    <ClCompile Include="IlmImf\ImfPreviewImage.cpp">
      <Filter>Source Files</Filter>
    </ClCompile>
    <ClCompile Include="IlmImf\ImfPreviewImageAttribute.cpp">
      <Filter>Source Files</Filter>
    </ClCompile>
    <ClCompile Include="IlmImf\ImfPxr24Compressor.cpp">
      <Filter>Source Files</Filter>
    </ClCompile>
    <ClCompile Include="IlmImf\ImfRational.cpp">
      <Filter>Source Files</Filter>
    </ClCompile>
    <ClCompile Include="IlmImf\ImfRationalAttribute.cpp">
      <Filter>Source Files</Filter>
    </ClCompile>
    <ClCompile Include="IlmImf\ImfRgbaFile.cpp">
      <Filter>Source Files</Filter>
    </ClCompile>
    <ClCompile Include="IlmImf\ImfRgbaYca.cpp">
      <Filter>Source Files</Filter>
    </ClCompile>
    <ClCompile Include="IlmImf\ImfScanLineInputFile.cpp">
      <Filter>Source Files</Filter>
    </ClCompile>
    <ClCompile Include="IlmImf\ImfStdIO.cpp">
      <Filter>Source Files</Filter>
    </ClCompile>
    <ClCompile Include="IlmImf\ImfStringAttribute.cpp">
      <Filter>Source Files</Filter>
    </ClCompile>
    <ClCompile Include="IlmImf\ImfThreading.cpp">
      <Filter>Source Files</Filter>
    </ClCompile>
    <ClCompile Include="IlmImf\ImfTileDescriptionAttribute.cpp">
      <Filter>Source Files</Filter>
    </ClCompile>
    <ClCompile Include="IlmImf\ImfTiledInputFile.cpp">
      <Filter>Source Files</Filter>
    </ClCompile>
    <ClCompile Include="IlmImf\ImfTiledInputPart.cpp">
      <Filter>Source Files</Filter>
    </ClCompile>
    <ClCompile Include="IlmImf\ImfTiledOutputPart.cpp">
      <Filter>Source Files</Filter>
    </ClCompile>
    <ClCompile Include="IlmImf\ImfTiledRgbaFile.cpp">
      <Filter>Source Files</Filter>
    </ClCompile>
    <ClCompile Include="IlmImf\ImfTileOffsets.cpp">
      <Filter>Source Files</Filter>
    </ClCompile>
    <ClCompile Include="IlmImf\ImfTimeCode.cpp">
      <Filter>Source Files</Filter>
    </ClCompile>
    <ClCompile Include="IlmImf\ImfTimeCodeAttribute.cpp">
      <Filter>Source Files</Filter>
    </ClCompile>
    <ClCompile Include="IlmImf\ImfVecAttribute.cpp">
      <Filter>Source Files</Filter>
    </ClCompile>
    <ClCompile Include="IlmImf\ImfVersion.cpp">
      <Filter>Source Files</Filter>
    </ClCompile>
    <ClCompile Include="IlmImf\ImfWav.cpp">
      <Filter>Source Files</Filter>
    </ClCompile>
    <ClCompile Include="IlmImf\ImfDoubleAttribute.cpp">
      <Filter>Source Files</Filter>
    </ClCompile>
    <ClCompile Include="IlmImf\ImfEnvmap.cpp">
      <Filter>Source Files</Filter>
    </ClCompile>
    <ClCompile Include="IlmImf\ImfEnvmapAttribute.cpp">
      <Filter>Source Files</Filter>
    </ClCompile>
    <ClCompile Include="IlmImf\ImfFloatAttribute.cpp">
      <Filter>Source Files</Filter>
    </ClCompile>
    <ClCompile Include="IlmImf\ImfFrameBuffer.cpp">
      <Filter>Source Files</Filter>
    </ClCompile>
    <ClCompile Include="IlmImf\ImfFramesPerSecond.cpp">
      <Filter>Source Files</Filter>
    </ClCompile>
    <ClCompile Include="IlmImf\ImfGenericInputFile.cpp">
      <Filter>Source Files</Filter>
    </ClCompile>
    <ClCompile Include="IlmImf\ImfGenericOutputFile.cpp">
      <Filter>Source Files</Filter>
    </ClCompile>
    <ClCompile Include="IlmImf\ImfInputFile.cpp">
      <Filter>Source Files</Filter>
    </ClCompile>
    <ClCompile Include="IlmImf\ImfInputPart.cpp">
      <Filter>Source Files</Filter>
    </ClCompile>
    <ClCompile Include="IlmImf\ImfInputPartData.cpp">
      <Filter>Source Files</Filter>
    </ClCompile>
    <ClCompile Include="IlmImf\ImfIntAttribute.cpp">
      <Filter>Source Files</Filter>
    </ClCompile>
    <ClCompile Include="IlmImf\ImfIO.cpp">
      <Filter>Source Files</Filter>
    </ClCompile>
    <ClCompile Include="IlmImf\ImfKeyCode.cpp">
      <Filter>Source Files</Filter>
    </ClCompile>
    <ClCompile Include="IlmImf\ImfKeyCodeAttribute.cpp">
      <Filter>Source Files</Filter>
    </ClCompile>
    <ClCompile Include="IlmImf\ImfLineOrderAttribute.cpp">
      <Filter>Source Files</Filter>
    </ClCompile>
    <ClCompile Include="IlmImf\ImfLut.cpp">
      <Filter>Source Files</Filter>
    </ClCompile>
    <ClCompile Include="IlmImf\ImfMatrixAttribute.cpp">
      <Filter>Source Files</Filter>
    </ClCompile>
    <ClCompile Include="IlmImf\ImfMultiPartOutputFile.cpp">
      <Filter>Source Files</Filter>
    </ClCompile>
    <ClCompile Include="IlmImf\ImfMultiView.cpp">
      <Filter>Source Files</Filter>
    </ClCompile>
    <ClCompile Include="IlmImf\ImfOpaqueAttribute.cpp">
      <Filter>Source Files</Filter>
    </ClCompile>
    <ClCompile Include="IlmImf\ImfOutputPart.cpp">
      <Filter>Source Files</Filter>
    </ClCompile>
    <ClCompile Include="IlmImf\ImfOutputPartData.cpp">
      <Filter>Source Files</Filter>
    </ClCompile>
    <ClCompile Include="IlmImf\ImfPartType.cpp">
      <Filter>Source Files</Filter>
    </ClCompile>
    <ClCompile Include="IlmImf\ImfAttribute.cpp">
      <Filter>Source Files</Filter>
    </ClCompile>
    <ClCompile Include="IlmImf\ImfB44Compressor.cpp">
      <Filter>Source Files</Filter>
    </ClCompile>
    <ClCompile Include="IlmImf\ImfBoxAttribute.cpp">
      <Filter>Source Files</Filter>
    </ClCompile>
    <ClCompile Include="IlmImf\ImfChannelList.cpp">
      <Filter>Source Files</Filter>
    </ClCompile>
    <ClCompile Include="IlmImf\ImfChannelListAttribute.cpp">
      <Filter>Source Files</Filter>
    </ClCompile>
    <ClCompile Include="IlmImf\ImfChromaticities.cpp">
      <Filter>Source Files</Filter>
    </ClCompile>
    <ClCompile Include="IlmImf\ImfChromaticitiesAttribute.cpp">
      <Filter>Source Files</Filter>
    </ClCompile>
    <ClCompile Include="IlmImf\ImfCompositeDeepScanLine.cpp">
      <Filter>Source Files</Filter>
    </ClCompile>
    <ClCompile Include="IlmImf\ImfCompressionAttribute.cpp">
      <Filter>Source Files</Filter>
    </ClCompile>
    <ClCompile Include="IlmImf\ImfConvert.cpp">
      <Filter>Source Files</Filter>
    </ClCompile>
    <ClCompile Include="IlmImf\ImfCRgbaFile.cpp">
      <Filter>Source Files</Filter>
    </ClCompile>
    <ClCompile Include="IlmImf\ImfDeepCompositing.cpp">
      <Filter>Source Files</Filter>
    </ClCompile>
    <ClCompile Include="IlmImf\ImfDeepFrameBuffer.cpp">
      <Filter>Source Files</Filter>
    </ClCompile>
    <ClCompile Include="IlmImf\ImfDeepImageStateAttribute.cpp">
      <Filter>Source Files</Filter>
    </ClCompile>
    <ClCompile Include="IlmImf\ImfDeepScanLineInputPart.cpp">
      <Filter>Source Files</Filter>
    </ClCompile>
    <ClCompile Include="IlmImf\ImfDeepScanLineOutputPart.cpp">
      <Filter>Source Files</Filter>
    </ClCompile>
    <ClCompile Include="IlmImf\ImfDeepTiledInputPart.cpp">
      <Filter>Source Files</Filter>
    </ClCompile>
    <ClCompile Include="IlmImf\ImfDeepTiledOutputPart.cpp">
      <Filter>Source Files</Filter>
    </ClCompile>
    <ClCompile Include="Imath\ImathRandom.cpp">
      <Filter>Source Files</Filter>
    </ClCompile>
    <ClCompile Include="Imath\ImathShear.cpp">
      <Filter>Source Files</Filter>
    </ClCompile>
    <ClCompile Include="Imath\ImathVec.cpp">
      <Filter>Source Files</Filter>
    </ClCompile>
    <ClCompile Include="Imath\ImathBox.cpp">
      <Filter>Source Files</Filter>
    </ClCompile>
    <ClCompile Include="Imath\ImathColorAlgo.cpp">
      <Filter>Source Files</Filter>
    </ClCompile>
    <ClCompile Include="Imath\ImathFun.cpp">
      <Filter>Source Files</Filter>
    </ClCompile>
    <ClCompile Include="Iex\IexBaseExc.cpp">
      <Filter>Source Files</Filter>
    </ClCompile>
    <ClCompile Include="IexMath\IexMathFloatExc.cpp">
      <Filter>Source Files</Filter>
    </ClCompile>
    <ClCompile Include="IlmThread\IlmThread.cpp">
      <Filter>Source Files</Filter>
    </ClCompile>
    <ClCompile Include="IlmThread\IlmThreadMutex.cpp">
      <Filter>Source Files</Filter>
    </ClCompile>
    <ClCompile Include="IlmThread\IlmThreadMutexPosix.cpp">
      <Filter>Source Files</Filter>
    </ClCompile>
    <ClCompile Include="IlmThread\IlmThreadMutexWin32.cpp">
      <Filter>Source Files</Filter>
    </ClCompile>
    <ClCompile Include="IlmThread\IlmThreadPool.cpp">
      <Filter>Source Files</Filter>
    </ClCompile>
    <ClCompile Include="IlmThread\IlmThreadPosix.cpp">
      <Filter>Source Files</Filter>
    </ClCompile>
    <ClCompile Include="IlmThread\IlmThreadSemaphore.cpp">
      <Filter>Source Files</Filter>
    </ClCompile>
    <ClCompile Include="IlmThread\IlmThreadSemaphorePosix.cpp">
      <Filter>Source Files</Filter>
    </ClCompile>
    <ClCompile Include="IlmThread\IlmThreadSemaphorePosixCompat.cpp">
      <Filter>Source Files</Filter>
    </ClCompile>
    <ClCompile Include="IlmThread\IlmThreadWin32.cpp">
      <Filter>Source Files</Filter>
    </ClCompile>
    <ClCompile Include="zlib\adler32.c">
      <Filter>Source Files</Filter>
    </ClCompile>
    <ClCompile Include="zlib\compress.c">
      <Filter>Source Files</Filter>
    </ClCompile>
    <ClCompile Include="zlib\crc32.c">
      <Filter>Source Files</Filter>
    </ClCompile>
    <ClCompile Include="zlib\deflate.c">
      <Filter>Source Files</Filter>
    </ClCompile>
    <ClCompile Include="zlib\gzclose.c">
      <Filter>Source Files</Filter>
    </ClCompile>
    <ClCompile Include="zlib\gzlib.c">
      <Filter>Source Files</Filter>
    </ClCompile>
    <ClCompile Include="zlib\gzread.c">
      <Filter>Source Files</Filter>
    </ClCompile>
    <ClCompile Include="zlib\gzwrite.c">
      <Filter>Source Files</Filter>
    </ClCompile>
    <ClCompile Include="zlib\infback.c">
      <Filter>Source Files</Filter>
    </ClCompile>
    <ClCompile Include="zlib\inffast.c">
      <Filter>Source Files</Filter>
    </ClCompile>
    <ClCompile Include="zlib\inflate.c">
      <Filter>Source Files</Filter>
    </ClCompile>
    <ClCompile Include="zlib\inftrees.c">
      <Filter>Source Files</Filter>
    </ClCompile>
    <ClCompile Include="zlib\trees.c">
      <Filter>Source Files</Filter>
    </ClCompile>
    <ClCompile Include="zlib\uncompr.c">
      <Filter>Source Files</Filter>
    </ClCompile>
    <ClCompile Include="zlib\zutil.c">
      <Filter>Source Files</Filter>
    </ClCompile>
    <ClCompile Include="Half\half.cpp">
      <Filter>Source Files</Filter>
    </ClCompile>
    <ClCompile Include="Iex\IexThrowErrnoExc.cpp">
      <Filter>Source Files</Filter>
    </ClCompile>
    <ClCompile Include="IlmThread\IlmThreadSemaphoreWin32.cpp">
      <Filter>Source Files</Filter>
    </ClCompile>
    <ClCompile Include="Imath\ImathMatrixAlgo.cpp">
      <Filter>Source Files</Filter>
    </ClCompile>
  </ItemGroup>
  <ItemGroup>
    <ClInclude Include="Half\eLut.h">
      <Filter>Source Files</Filter>
    </ClInclude>
    <ClInclude Include="Half\toFloat.h">
      <Filter>Source Files</Filter>
    </ClInclude>
  </ItemGroup>
</Project>